
Microsoft Visual Studio Solution File, Format Version 12.00
# Visual Studio Version 16
VisualStudioVersion = 16.0.30517.126
MinimumVisualStudioVersion = 10.0.40219.1
Project("{FAE04EC0-301F-11D3-BF4B-00C04F79EFBC}") = "CSharp", "CSharp\CSharp.csproj", "{E346421D-0139-4BFC-877B-EEAC19115AB8}"
EndProject
Project("{FAE04EC0-301F-11D3-BF4B-00C04F79EFBC}") = "IO", "IO\IO.csproj", "{B9C20A1C-AD6F-4D16-9DAD-7141F734BFF5}"
EndProject
Project("{FAE04EC0-301F-11D3-BF4B-00C04F79EFBC}") = "Framework", "Framework\Framework.csproj", "{2621AF4B-3DCC-4B64-A927-37D1AB1F24AC}"
EndProject
Project("{FAE04EC0-301F-11D3-BF4B-00C04F79EFBC}") = "Internal", "Internal\Internal.csproj", "{1F3C50CA-FF95-4C7E-BB8A-74DE09DBFA46}"
EndProject
Project("{FAE04EC0-301F-11D3-BF4B-00C04F79EFBC}") = "Core", "Core\Core.csproj", "{5FCBACDC-DD4E-4A53-9A1C-B5BF7E97E16C}"
EndProject
Project("{2150E333-8FDC-42A3-9474-1A3956D46DE8}") = "Solution Items", "Solution Items", "{EB5AC4E5-7E46-4B95-A72A-8FF329EB3F89}"
	ProjectSection(SolutionItems) = preProject
		sharpen.properties = sharpen.properties
	EndProjectSection
EndProject
Global
	GlobalSection(SolutionConfigurationPlatforms) = preSolution
		Debug|Any CPU = Debug|Any CPU
		Release|Any CPU = Release|Any CPU
	EndGlobalSection
	GlobalSection(ProjectConfigurationPlatforms) = postSolution
		{E346421D-0139-4BFC-877B-EEAC19115AB8}.Debug|Any CPU.ActiveCfg = Debug|Any CPU
		{E346421D-0139-4BFC-877B-EEAC19115AB8}.Debug|Any CPU.Build.0 = Debug|Any CPU
		{E346421D-0139-4BFC-877B-EEAC19115AB8}.Release|Any CPU.ActiveCfg = Release|Any CPU
		{E346421D-0139-4BFC-877B-EEAC19115AB8}.Release|Any CPU.Build.0 = Release|Any CPU
		{B9C20A1C-AD6F-4D16-9DAD-7141F734BFF5}.Debug|Any CPU.ActiveCfg = Debug|Any CPU
		{B9C20A1C-AD6F-4D16-9DAD-7141F734BFF5}.Debug|Any CPU.Build.0 = Debug|Any CPU
		{B9C20A1C-AD6F-4D16-9DAD-7141F734BFF5}.Release|Any CPU.ActiveCfg = Release|Any CPU
		{B9C20A1C-AD6F-4D16-9DAD-7141F734BFF5}.Release|Any CPU.Build.0 = Release|Any CPU
		{2621AF4B-3DCC-4B64-A927-37D1AB1F24AC}.Debug|Any CPU.ActiveCfg = Debug|Any CPU
		{2621AF4B-3DCC-4B64-A927-37D1AB1F24AC}.Debug|Any CPU.Build.0 = Debug|Any CPU
		{2621AF4B-3DCC-4B64-A927-37D1AB1F24AC}.Release|Any CPU.ActiveCfg = Release|Any CPU
		{2621AF4B-3DCC-4B64-A927-37D1AB1F24AC}.Release|Any CPU.Build.0 = Release|Any CPU
		{1F3C50CA-FF95-4C7E-BB8A-74DE09DBFA46}.Debug|Any CPU.ActiveCfg = Debug|Any CPU
		{1F3C50CA-FF95-4C7E-BB8A-74DE09DBFA46}.Debug|Any CPU.Build.0 = Debug|Any CPU
		{1F3C50CA-FF95-4C7E-BB8A-74DE09DBFA46}.Release|Any CPU.ActiveCfg = Release|Any CPU
		{1F3C50CA-FF95-4C7E-BB8A-74DE09DBFA46}.Release|Any CPU.Build.0 = Release|Any CPU
		{5FCBACDC-DD4E-4A53-9A1C-B5BF7E97E16C}.Debug|Any CPU.ActiveCfg = Debug|Any CPU
		{5FCBACDC-DD4E-4A53-9A1C-B5BF7E97E16C}.Debug|Any CPU.Build.0 = Debug|Any CPU
		{5FCBACDC-DD4E-4A53-9A1C-B5BF7E97E16C}.Release|Any CPU.ActiveCfg = Release|Any CPU
		{5FCBACDC-DD4E-4A53-9A1C-B5BF7E97E16C}.Release|Any CPU.Build.0 = Release|Any CPU
	EndGlobalSection
	GlobalSection(SolutionProperties) = preSolution
		HideSolutionNode = FALSE
	EndGlobalSection
	GlobalSection(ExtensibilityGlobals) = postSolution
		SolutionGuid = {928FEEE1-939E-423B-9153-4A2CC05B6D70}
	EndGlobalSection
EndGlobal
